
Microsoft Visual Studio Solution File, Format Version 12.00
# Visual Studio Version 17
VisualStudioVersion = 17.2.32616.157
MinimumVisualStudioVersion = 10.0.40219.1
Project("{FAE04EC0-301F-11D3-BF4B-00C04F79EFBC}") = "MinimalApiDemo", "MinimalApiDemo\MinimalApiDemo.csproj", "{7A8FAE1D-102C-4D8A-82E5-67519BA5FF00}"
EndProject
Project("{00D1A9C2-B5F0-4AF3-8072-F6C62B433612}") = "UserDB", "UserDB\UserDB.sqlproj", "{FBA34CA0-7377-40B7-9D10-E242F5D68EC4}"
EndProject
Global
	GlobalSection(SolutionConfigurationPlatforms) = preSolution
		Debug|Any CPU = Debug|Any CPU
		Release|Any CPU = Release|Any CPU
	EndGlobalSection
	GlobalSection(ProjectConfigurationPlatforms) = postSolution
		{7A8FAE1D-102C-4D8A-82E5-67519BA5FF00}.Debug|Any CPU.ActiveCfg = Debug|Any CPU
		{7A8FAE1D-102C-4D8A-82E5-67519BA5FF00}.Debug|Any CPU.Build.0 = Debug|Any CPU
		{7A8FAE1D-102C-4D8A-82E5-67519BA5FF00}.Release|Any CPU.ActiveCfg = Release|Any CPU
		{7A8FAE1D-102C-4D8A-82E5-67519BA5FF00}.Release|Any CPU.Build.0 = Release|Any CPU
		{FBA34CA0-7377-40B7-9D10-E242F5D68EC4}.Debug|Any CPU.ActiveCfg = Debug|Any CPU
		{FBA34CA0-7377-40B7-9D10-E242F5D68EC4}.Debug|Any CPU.Build.0 = Debug|Any CPU
		{FBA34CA0-7377-40B7-9D10-E242F5D68EC4}.Debug|Any CPU.Deploy.0 = Debug|Any CPU
		{FBA34CA0-7377-40B7-9D10-E242F5D68EC4}.Release|Any CPU.ActiveCfg = Release|Any CPU
		{FBA34CA0-7377-40B7-9D10-E242F5D68EC4}.Release|Any CPU.Build.0 = Release|Any CPU
		{FBA34CA0-7377-40B7-9D10-E242F5D68EC4}.Release|Any CPU.Deploy.0 = Release|Any CPU
	EndGlobalSection
	GlobalSection(SolutionProperties) = preSolution
		HideSolutionNode = FALSE
	EndGlobalSection
	GlobalSection(ExtensibilityGlobals) = postSolution
		SolutionGuid = {DB585B58-7828-429E-9B2D-5C51E4A19F51}
	EndGlobalSection
EndGlobal
